
Microsoft Visual Studio Solution File, Format Version 12.00
# Visual Studio Version 16
VisualStudioVersion = 16.0.30503.244
MinimumVisualStudioVersion = 10.0.40219.1
Project("{FAE04EC0-301F-11D3-BF4B-00C04F79EFBC}") = "4", "4.csproj", "{09164084-B3E7-4D34-BE99-55805B345E08}"
EndProject
Global
	GlobalSection(SolutionConfigurationPlatforms) = preSolution
		Debug|Any CPU = Debug|Any CPU
		Release|Any CPU = Release|Any CPU
	EndGlobalSection
	GlobalSection(ProjectConfigurationPlatforms) = postSolution
		{09164084-B3E7-4D34-BE99-55805B345E08}.Debug|Any CPU.ActiveCfg = Debug|Any CPU
		{09164084-B3E7-4D34-BE99-55805B345E08}.Debug|Any CPU.Build.0 = Debug|Any CPU
		{09164084-B3E7-4D34-BE99-55805B345E08}.Release|Any CPU.ActiveCfg = Release|Any CPU
		{09164084-B3E7-4D34-BE99-55805B345E08}.Release|Any CPU.Build.0 = Release|Any CPU
	EndGlobalSection
	GlobalSection(SolutionProperties) = preSolution
		HideSolutionNode = FALSE
	EndGlobalSection
	GlobalSection(ExtensibilityGlobals) = postSolution
		SolutionGuid = {BDCA9495-C4ED-4F40-9846-9993ED5B686A}
	EndGlobalSection
EndGlobal
