
Microsoft Visual Studio Solution File, Format Version 12.00
# Visual Studio Version 16
VisualStudioVersion = 16.0.30503.244
MinimumVisualStudioVersion = 10.0.40219.1
Project("{FAE04EC0-301F-11D3-BF4B-00C04F79EFBC}") = "3", "3\3.csproj", "{94A8BFF2-8A2E-4C58-BBF2-0F5F5E8CCC5A}"
EndProject
Global
	GlobalSection(SolutionConfigurationPlatforms) = preSolution
		Debug|Any CPU = Debug|Any CPU
		Release|Any CPU = Release|Any CPU
	EndGlobalSection
	GlobalSection(ProjectConfigurationPlatforms) = postSolution
		{94A8BFF2-8A2E-4C58-BBF2-0F5F5E8CCC5A}.Debug|Any CPU.ActiveCfg = Debug|Any CPU
		{94A8BFF2-8A2E-4C58-BBF2-0F5F5E8CCC5A}.Debug|Any CPU.Build.0 = Debug|Any CPU
		{94A8BFF2-8A2E-4C58-BBF2-0F5F5E8CCC5A}.Release|Any CPU.ActiveCfg = Release|Any CPU
		{94A8BFF2-8A2E-4C58-BBF2-0F5F5E8CCC5A}.Release|Any CPU.Build.0 = Release|Any CPU
	EndGlobalSection
	GlobalSection(SolutionProperties) = preSolution
		HideSolutionNode = FALSE
	EndGlobalSection
	GlobalSection(ExtensibilityGlobals) = postSolution
		SolutionGuid = {4622A11D-05D5-4A77-9944-8C57CEE2218D}
	EndGlobalSection
EndGlobal
