
Microsoft Visual Studio Solution File, Format Version 12.00
# Visual Studio Version 16
VisualStudioVersion = 16.0.30503.244
MinimumVisualStudioVersion = 10.0.40219.1
Project("{FAE04EC0-301F-11D3-BF4B-00C04F79EFBC}") = "geometric_figure", "geometric_figure.csproj", "{2AACF86E-F666-476D-A077-4CD9152E3999}"
EndProject
Global
	GlobalSection(SolutionConfigurationPlatforms) = preSolution
		Debug|Any CPU = Debug|Any CPU
		Release|Any CPU = Release|Any CPU
	EndGlobalSection
	GlobalSection(ProjectConfigurationPlatforms) = postSolution
		{2AACF86E-F666-476D-A077-4CD9152E3999}.Debug|Any CPU.ActiveCfg = Debug|Any CPU
		{2AACF86E-F666-476D-A077-4CD9152E3999}.Debug|Any CPU.Build.0 = Debug|Any CPU
		{2AACF86E-F666-476D-A077-4CD9152E3999}.Release|Any CPU.ActiveCfg = Release|Any CPU
		{2AACF86E-F666-476D-A077-4CD9152E3999}.Release|Any CPU.Build.0 = Release|Any CPU
	EndGlobalSection
	GlobalSection(SolutionProperties) = preSolution
		HideSolutionNode = FALSE
	EndGlobalSection
	GlobalSection(ExtensibilityGlobals) = postSolution
		SolutionGuid = {FCD5AA36-5D35-4D53-BF29-C8B6A8433DEF}
	EndGlobalSection
EndGlobal
