
Microsoft Visual Studio Solution File, Format Version 12.00
# Visual Studio Version 16
VisualStudioVersion = 16.0.30503.244
MinimumVisualStudioVersion = 10.0.40219.1
Project("{FAE04EC0-301F-11D3-BF4B-00C04F79EFBC}") = "5", "5.csproj", "{3ABB1849-C34D-4820-9810-86F0FCD2742A}"
EndProject
Global
	GlobalSection(SolutionConfigurationPlatforms) = preSolution
		Debug|Any CPU = Debug|Any CPU
		Release|Any CPU = Release|Any CPU
	EndGlobalSection
	GlobalSection(ProjectConfigurationPlatforms) = postSolution
		{3ABB1849-C34D-4820-9810-86F0FCD2742A}.Debug|Any CPU.ActiveCfg = Debug|Any CPU
		{3ABB1849-C34D-4820-9810-86F0FCD2742A}.Debug|Any CPU.Build.0 = Debug|Any CPU
		{3ABB1849-C34D-4820-9810-86F0FCD2742A}.Release|Any CPU.ActiveCfg = Release|Any CPU
		{3ABB1849-C34D-4820-9810-86F0FCD2742A}.Release|Any CPU.Build.0 = Release|Any CPU
	EndGlobalSection
	GlobalSection(SolutionProperties) = preSolution
		HideSolutionNode = FALSE
	EndGlobalSection
	GlobalSection(ExtensibilityGlobals) = postSolution
		SolutionGuid = {06DB676A-D251-4413-9103-0E68E268A69D}
	EndGlobalSection
EndGlobal
