
Microsoft Visual Studio Solution File, Format Version 12.00
# Visual Studio Version 16
VisualStudioVersion = 16.0.30503.244
MinimumVisualStudioVersion = 10.0.40219.1
Project("{FAE04EC0-301F-11D3-BF4B-00C04F79EFBC}") = "HW_3", "HW_3.csproj", "{910E5199-D8AC-4CA6-9B9D-B3B238E1BD66}"
EndProject
Global
	GlobalSection(SolutionConfigurationPlatforms) = preSolution
		Debug|Any CPU = Debug|Any CPU
		Release|Any CPU = Release|Any CPU
	EndGlobalSection
	GlobalSection(ProjectConfigurationPlatforms) = postSolution
		{910E5199-D8AC-4CA6-9B9D-B3B238E1BD66}.Debug|Any CPU.ActiveCfg = Debug|Any CPU
		{910E5199-D8AC-4CA6-9B9D-B3B238E1BD66}.Debug|Any CPU.Build.0 = Debug|Any CPU
		{910E5199-D8AC-4CA6-9B9D-B3B238E1BD66}.Release|Any CPU.ActiveCfg = Release|Any CPU
		{910E5199-D8AC-4CA6-9B9D-B3B238E1BD66}.Release|Any CPU.Build.0 = Release|Any CPU
	EndGlobalSection
	GlobalSection(SolutionProperties) = preSolution
		HideSolutionNode = FALSE
	EndGlobalSection
	GlobalSection(ExtensibilityGlobals) = postSolution
		SolutionGuid = {1CFB0211-87C7-4693-AD97-7D371D41A1CB}
	EndGlobalSection
EndGlobal
